
Microsoft Visual Studio Solution File, Format Version 12.00
# Visual Studio 15
VisualStudioVersion = 15.0.28307.168
MinimumVisualStudioVersion = 10.0.40219.1
Project("{FAE04EC0-301F-11D3-BF4B-00C04F79EFBC}") = "AutoShop", "AutoShop\AutoShop.csproj", "{3EB82766-8ED2-4B2D-AE94-EF65143E5286}"
EndProject
Global
	GlobalSection(SolutionConfigurationPlatforms) = preSolution
		Debug|Any CPU = Debug|Any CPU
		Release|Any CPU = Release|Any CPU
	EndGlobalSection
	GlobalSection(ProjectConfigurationPlatforms) = postSolution
		{3EB82766-8ED2-4B2D-AE94-EF65143E5286}.Debug|Any CPU.ActiveCfg = Debug|Any CPU
		{3EB82766-8ED2-4B2D-AE94-EF65143E5286}.Debug|Any CPU.Build.0 = Debug|Any CPU
		{3EB82766-8ED2-4B2D-AE94-EF65143E5286}.Release|Any CPU.ActiveCfg = Release|Any CPU
		{3EB82766-8ED2-4B2D-AE94-EF65143E5286}.Release|Any CPU.Build.0 = Release|Any CPU
	EndGlobalSection
	GlobalSection(SolutionProperties) = preSolution
		HideSolutionNode = FALSE
	EndGlobalSection
	GlobalSection(ExtensibilityGlobals) = postSolution
		SolutionGuid = {B2C4EA1D-81B7-4EC9-99C3-B45AD1F0499E}
	EndGlobalSection
EndGlobal
